
Microsoft Visual Studio Solution File, Format Version 12.00
# Visual Studio Version 16
VisualStudioVersion = 16.0.30011.22
MinimumVisualStudioVersion = 10.0.40219.1
Project("{FAE04EC0-301F-11D3-BF4B-00C04F79EFBC}") = "PlikiFoldery", "PlikiFoldery\PlikiFoldery.csproj", "{3E5D0096-6C9F-4AA4-B5B9-5FB6A32EB60B}"
EndProject
Global
	GlobalSection(SolutionConfigurationPlatforms) = preSolution
		Debug|Any CPU = Debug|Any CPU
		Release|Any CPU = Release|Any CPU
	EndGlobalSection
	GlobalSection(ProjectConfigurationPlatforms) = postSolution
		{3E5D0096-6C9F-4AA4-B5B9-5FB6A32EB60B}.Debug|Any CPU.ActiveCfg = Debug|Any CPU
		{3E5D0096-6C9F-4AA4-B5B9-5FB6A32EB60B}.Debug|Any CPU.Build.0 = Debug|Any CPU
		{3E5D0096-6C9F-4AA4-B5B9-5FB6A32EB60B}.Release|Any CPU.ActiveCfg = Release|Any CPU
		{3E5D0096-6C9F-4AA4-B5B9-5FB6A32EB60B}.Release|Any CPU.Build.0 = Release|Any CPU
	EndGlobalSection
	GlobalSection(SolutionProperties) = preSolution
		HideSolutionNode = FALSE
	EndGlobalSection
	GlobalSection(ExtensibilityGlobals) = postSolution
		SolutionGuid = {B7F38974-FC50-4803-AE06-D974F4C0EA76}
	EndGlobalSection
EndGlobal
